// !$*UTF8*$!
{
	archiveVersion = 1;
	classes = {
	};
	objectVersion = 55;
	objects = {

/* Begin PBXBuildFile section */
		DE21178D2804B07B00CF10D9 /* User.swift in Sources */ = {isa = PBXBuildFile; fileRef = DE21178C2804B07B00CF10D9 /* User.swift */; };
		DE377ACF28063FA0005A0B57 /* LoginViewController.swift in Sources */ = {isa = PBXBuildFile; fileRef = DE377ACE28063FA0005A0B57 /* LoginViewController.swift */; };
		DE377AD12806400A005A0B57 /* NewUserSignUpViewController.swift in Sources */ = {isa = PBXBuildFile; fileRef = DE377AD02806400A005A0B57 /* NewUserSignUpViewController.swift */; };
		DE377AD328067619005A0B57 /* UIViewController+alert.swift in Sources */ = {isa = PBXBuildFile; fileRef = DE377AD228067619005A0B57 /* UIViewController+alert.swift */; };
		DE62E37A27FE050800CE7B4B /* AppDelegate.swift in Sources */ = {isa = PBXBuildFile; fileRef = DE62E37927FE050800CE7B4B /* AppDelegate.swift */; };
		DE62E37C27FE050800CE7B4B /* SceneDelegate.swift in Sources */ = {isa = PBXBuildFile; fileRef = DE62E37B27FE050800CE7B4B /* SceneDelegate.swift */; };
		DE62E37E27FE050800CE7B4B /* MainViewController.swift in Sources */ = {isa = PBXBuildFile; fileRef = DE62E37D27FE050800CE7B4B /* MainViewController.swift */; };
		DE62E38127FE050800CE7B4B /* Main.storyboard in Resources */ = {isa = PBXBuildFile; fileRef = DE62E37F27FE050800CE7B4B /* Main.storyboard */; };
		DE62E38327FE050900CE7B4B /* Assets.xcassets in Resources */ = {isa = PBXBuildFile; fileRef = DE62E38227FE050900CE7B4B /* Assets.xcassets */; };
		DE62E38627FE050900CE7B4B /* LaunchScreen.storyboard in Resources */ = {isa = PBXBuildFile; fileRef = DE62E38427FE050900CE7B4B /* LaunchScreen.storyboard */; };
		DE62E38E27FE0C9E00CE7B4B /* ProfileViewController.swift in Sources */ = {isa = PBXBuildFile; fileRef = DE62E38D27FE0C9E00CE7B4B /* ProfileViewController.swift */; };
		DE62E39027FE0CB200CE7B4B /* NewPostViewController.swift in Sources */ = {isa = PBXBuildFile; fileRef = DE62E38F27FE0CB200CE7B4B /* NewPostViewController.swift */; };
		DE62E39227FE0CBC00CE7B4B /* PostViewController.swift in Sources */ = {isa = PBXBuildFile; fileRef = DE62E39127FE0CBB00CE7B4B /* PostViewController.swift */; };
		DE85A88727FE0DC10065F6E6 /* Post.swift in Sources */ = {isa = PBXBuildFile; fileRef = DE85A88627FE0DC10065F6E6 /* Post.swift */; };
		DEADEEE327FE6E240054D8F8 /* PostTableViewCell.swift in Sources */ = {isa = PBXBuildFile; fileRef = DEADEEE227FE6E240054D8F8 /* PostTableViewCell.swift */; };
/* End PBXBuildFile section */

/* Begin PBXFileReference section */
		DE21178C2804B07B00CF10D9 /* User.swift */ = {isa = PBXFileReference; lastKnownFileType = sourcecode.swift; path = User.swift; sourceTree = "<group>"; };
		DE377ACE28063FA0005A0B57 /* LoginViewController.swift */ = {isa = PBXFileReference; lastKnownFileType = sourcecode.swift; path = LoginViewController.swift; sourceTree = "<group>"; };
		DE377AD02806400A005A0B57 /* NewUserSignUpViewController.swift */ = {isa = PBXFileReference; lastKnownFileType = sourcecode.swift; path = NewUserSignUpViewController.swift; sourceTree = "<group>"; };
		DE377AD228067619005A0B57 /* UIViewController+alert.swift */ = {isa = PBXFileReference; fileEncoding = 4; lastKnownFileType = sourcecode.swift; path = "UIViewController+alert.swift"; sourceTree = "<group>"; };
		DE62E37627FE050800CE7B4B /* finalProject.app */ = {isa = PBXFileReference; explicitFileType = wrapper.application; includeInIndex = 0; path = finalProject.app; sourceTree = BUILT_PRODUCTS_DIR; };
		DE62E37927FE050800CE7B4B /* AppDelegate.swift */ = {isa = PBXFileReference; lastKnownFileType = sourcecode.swift; path = AppDelegate.swift; sourceTree = "<group>"; };
		DE62E37B27FE050800CE7B4B /* SceneDelegate.swift */ = {isa = PBXFileReference; lastKnownFileType = sourcecode.swift; path = SceneDelegate.swift; sourceTree = "<group>"; };
		DE62E37D27FE050800CE7B4B /* MainViewController.swift */ = {isa = PBXFileReference; lastKnownFileType = sourcecode.swift; path = MainViewController.swift; sourceTree = "<group>"; };
		DE62E38027FE050800CE7B4B /* Base */ = {isa = PBXFileReference; lastKnownFileType = file.storyboard; name = Base; path = Base.lproj/Main.storyboard; sourceTree = "<group>"; };
		DE62E38227FE050900CE7B4B /* Assets.xcassets */ = {isa = PBXFileReference; lastKnownFileType = folder.assetcatalog; path = Assets.xcassets; sourceTree = "<group>"; };
		DE62E38527FE050900CE7B4B /* Base */ = {isa = PBXFileReference; lastKnownFileType = file.storyboard; name = Base; path = Base.lproj/LaunchScreen.storyboard; sourceTree = "<group>"; };
		DE62E38727FE050900CE7B4B /* Info.plist */ = {isa = PBXFileReference; lastKnownFileType = text.plist.xml; path = Info.plist; sourceTree = "<group>"; };
		DE62E38D27FE0C9E00CE7B4B /* ProfileViewController.swift */ = {isa = PBXFileReference; lastKnownFileType = sourcecode.swift; path = ProfileViewController.swift; sourceTree = "<group>"; };
		DE62E38F27FE0CB200CE7B4B /* NewPostViewController.swift */ = {isa = PBXFileReference; lastKnownFileType = sourcecode.swift; path = NewPostViewController.swift; sourceTree = "<group>"; };
		DE62E39127FE0CBB00CE7B4B /* PostViewController.swift */ = {isa = PBXFileReference; lastKnownFileType = sourcecode.swift; path = PostViewController.swift; sourceTree = "<group>"; };
		DE85A88627FE0DC10065F6E6 /* Post.swift */ = {isa = PBXFileReference; lastKnownFileType = sourcecode.swift; path = Post.swift; sourceTree = "<group>"; };
		DEADEEE227FE6E240054D8F8 /* PostTableViewCell.swift */ = {isa = PBXFileReference; lastKnownFileType = sourcecode.swift; path = PostTableViewCell.swift; sourceTree = "<group>"; };
/* End PBXFileReference section */

/* Begin PBXFrameworksBuildPhase section */
		DE62E37327FE050800CE7B4B /* Frameworks */ = {
			isa = PBXFrameworksBuildPhase;
			buildActionMask = 2147483647;
			files = (
			);
			runOnlyForDeploymentPostprocessing = 0;
		};
/* End PBXFrameworksBuildPhase section */

/* Begin PBXGroup section */
		DE62E36D27FE050800CE7B4B = {
			isa = PBXGroup;
			children = (
				DE62E37827FE050800CE7B4B /* finalProject */,
				DE62E37727FE050800CE7B4B /* Products */,
			);
			sourceTree = "<group>";
		};
		DE62E37727FE050800CE7B4B /* Products */ = {
			isa = PBXGroup;
			children = (
				DE62E37627FE050800CE7B4B /* finalProject.app */,
			);
			name = Products;
			sourceTree = "<group>";
		};
		DE62E37827FE050800CE7B4B /* finalProject */ = {
			isa = PBXGroup;
			children = (
				DE62E37927FE050800CE7B4B /* AppDelegate.swift */,
				DE62E37B27FE050800CE7B4B /* SceneDelegate.swift */,
				DE62E37D27FE050800CE7B4B /* MainViewController.swift */,
				DE62E38D27FE0C9E00CE7B4B /* ProfileViewController.swift */,
				DE62E38F27FE0CB200CE7B4B /* NewPostViewController.swift */,
				DE62E39127FE0CBB00CE7B4B /* PostViewController.swift */,
				DE377ACE28063FA0005A0B57 /* LoginViewController.swift */,
				DE377AD02806400A005A0B57 /* NewUserSignUpViewController.swift */,
				DE377AD228067619005A0B57 /* UIViewController+alert.swift */,
				DE85A88627FE0DC10065F6E6 /* Post.swift */,
				DE21178C2804B07B00CF10D9 /* User.swift */,
				DEADEEE227FE6E240054D8F8 /* PostTableViewCell.swift */,
				DE62E37F27FE050800CE7B4B /* Main.storyboard */,
				DE62E38227FE050900CE7B4B /* Assets.xcassets */,
				DE62E38427FE050900CE7B4B /* LaunchScreen.storyboard */,
				DE62E38727FE050900CE7B4B /* Info.plist */,
			);
			path = finalProject;
			sourceTree = "<group>";
		};
/* End PBXGroup section */

/* Begin PBXNativeTarget section */
		DE62E37527FE050800CE7B4B /* finalProject */ = {
			isa = PBXNativeTarget;
			buildConfigurationList = DE62E38A27FE050900CE7B4B /* Build configuration list for PBXNativeTarget "finalProject" */;
			buildPhases = (
				DE62E37227FE050800CE7B4B /* Sources */,
				DE62E37327FE050800CE7B4B /* Frameworks */,
				DE62E37427FE050800CE7B4B /* Resources */,
			);
			buildRules = (
			);
			dependencies = (
			);
			name = finalProject;
			productName = finalProject;
			productReference = DE62E37627FE050800CE7B4B /* finalProject.app */;
			productType = "com.apple.product-type.application";
		};
/* End PBXNativeTarget section */

/* Begin PBXProject section */
		DE62E36E27FE050800CE7B4B /* Project object */ = {
			isa = PBXProject;
			attributes = {
				BuildIndependentTargetsInParallel = 1;
				LastSwiftUpdateCheck = 1330;
				LastUpgradeCheck = 1330;
				TargetAttributes = {
					DE62E37527FE050800CE7B4B = {
						CreatedOnToolsVersion = 13.3;
					};
				};
			};
			buildConfigurationList = DE62E37127FE050800CE7B4B /* Build configuration list for PBXProject "finalProject" */;
			compatibilityVersion = "Xcode 13.0";
			developmentRegion = en;
			hasScannedForEncodings = 0;
			knownRegions = (
				en,
				Base,
			);
			mainGroup = DE62E36D27FE050800CE7B4B;
			productRefGroup = DE62E37727FE050800CE7B4B /* Products */;
			projectDirPath = "";
			projectRoot = "";
			targets = (
				DE62E37527FE050800CE7B4B /* finalProject */,
			);
		};
/* End PBXProject section */

/* Begin PBXResourcesBuildPhase section */
		DE62E37427FE050800CE7B4B /* Resources */ = {
			isa = PBXResourcesBuildPhase;
			buildActionMask = 2147483647;
			files = (
				DE62E38627FE050900CE7B4B /* LaunchScreen.storyboard in Resources */,
				DE62E38327FE050900CE7B4B /* Assets.xcassets in Resources */,
				DE62E38127FE050800CE7B4B /* Main.storyboard in Resources */,
			);
			runOnlyForDeploymentPostprocessing = 0;
		};
/* End PBXResourcesBuildPhase section */

/* Begin PBXSourcesBuildPhase section */
		DE62E37227FE050800CE7B4B /* Sources */ = {
			isa = PBXSourcesBuildPhase;
			buildActionMask = 2147483647;
			files = (
				DE377AD12806400A005A0B57 /* NewUserSignUpViewController.swift in Sources */,
				DE62E39227FE0CBC00CE7B4B /* PostViewController.swift in Sources */,
				DE62E37E27FE050800CE7B4B /* MainViewController.swift in Sources */,
				DE377AD328067619005A0B57 /* UIViewController+alert.swift in Sources */,
				DE62E37A27FE050800CE7B4B /* AppDelegate.swift in Sources */,
				DEADEEE327FE6E240054D8F8 /* PostTableViewCell.swift in Sources */,
				DE62E38E27FE0C9E00CE7B4B /* ProfileViewController.swift in Sources */,
				DE21178D2804B07B00CF10D9 /* User.swift in Sources */,
				DE62E37C27FE050800CE7B4B /* SceneDelegate.swift in Sources */,
				DE85A88727FE0DC10065F6E6 /* Post.swift in Sources */,
				DE377ACF28063FA0005A0B57 /* LoginViewController.swift in Sources */,
				DE62E39027FE0CB200CE7B4B /* NewPostViewController.swift in Sources */,
			);
			runOnlyForDeploymentPostprocessing = 0;
		};
/* End PBXSourcesBuildPhase section */

/* Begin PBXVariantGroup section */
		DE62E37F27FE050800CE7B4B /* Main.storyboard */ = {
			isa = PBXVariantGroup;
			children = (
				DE62E38027FE050800CE7B4B /* Base */,
			);
			name = Main.storyboard;
			sourceTree = "<group>";
		};
		DE62E38427FE050900CE7B4B /* LaunchScreen.storyboard */ = {
			isa = PBXVariantGroup;
			children = (
				DE62E38527FE050900CE7B4B /* Base */,
			);
			name = LaunchScreen.storyboard;
			sourceTree = "<group>";
		};
/* End PBXVariantGroup section */

/* Begin XCBuildConfiguration section */
		DE62E38827FE050900CE7B4B /* Debug */ = {
			isa = XCBuildConfiguration;
			buildSettings = {
				ALWAYS_SEARCH_USER_PATHS = NO;
				CLANG_ANALYZER_NONNULL = YES;
				CLANG_ANALYZER_NUMBER_OBJECT_CONVERSION = YES_AGGRESSIVE;
				CLANG_CXX_LANGUAGE_STANDARD = "gnu++17";
				CLANG_ENABLE_MODULES = YES;
				CLANG_ENABLE_OBJC_ARC = YES;
				CLANG_ENABLE_OBJC_WEAK = YES;
				CLANG_WARN_BLOCK_CAPTURE_AUTORELEASING = YES;
				CLANG_WARN_BOOL_CONVERSION = YES;
				CLANG_WARN_COMMA = YES;
				CLANG_WARN_CONSTANT_CONVERSION = YES;
				CLANG_WARN_DEPRECATED_OBJC_IMPLEMENTATIONS = YES;
				CLANG_WARN_DIRECT_OBJC_ISA_USAGE = YES_ERROR;
				CLANG_WARN_DOCUMENTATION_COMMENTS = YES;
				CLANG_WARN_EMPTY_BODY = YES;
				CLANG_WARN_ENUM_CONVERSION = YES;
				CLANG_WARN_INFINITE_RECURSION = YES;
				CLANG_WARN_INT_CONVERSION = YES;
				CLANG_WARN_NON_LITERAL_NULL_CONVERSION = YES;
				CLANG_WARN_OBJC_IMPLICIT_RETAIN_SELF = YES;
				CLANG_WARN_OBJC_LITERAL_CONVERSION = YES;
				CLANG_WARN_OBJC_ROOT_CLASS = YES_ERROR;
				CLANG_WARN_QUOTED_INCLUDE_IN_FRAMEWORK_HEADER = YES;
				CLANG_WARN_RANGE_LOOP_ANALYSIS = YES;
				CLANG_WARN_STRICT_PROTOTYPES = YES;
				CLANG_WARN_SUSPICIOUS_MOVE = YES;
				CLANG_WARN_UNGUARDED_AVAILABILITY = YES_AGGRESSIVE;
				CLANG_WARN_UNREACHABLE_CODE = YES;
				CLANG_WARN__DUPLICATE_METHOD_MATCH = YES;
				COPY_PHASE_STRIP = NO;
				DEBUG_INFORMATION_FORMAT = dwarf;
				ENABLE_STRICT_OBJC_MSGSEND = YES;
				ENABLE_TESTABILITY = YES;
				GCC_C_LANGUAGE_STANDARD = gnu11;
				GCC_DYNAMIC_NO_PIC = NO;
				GCC_NO_COMMON_BLOCKS = YES;
				GCC_OPTIMIZATION_LEVEL = 0;
				GCC_PREPROCESSOR_DEFINITIONS = (
					"DEBUG=1",
					"$(inherited)",
				);
				GCC_WARN_64_TO_32_BIT_CONVERSION = YES;
				GCC_WARN_ABOUT_RETURN_TYPE = YES_ERROR;
				GCC_WARN_UNDECLARED_SELECTOR = YES;
				GCC_WARN_UNINITIALIZED_AUTOS = YES_AGGRESSIVE;
				GCC_WARN_UNUSED_FUNCTION = YES;
				GCC_WARN_UNUSED_VARIABLE = YES;
				IPHONEOS_DEPLOYMENT_TARGET = 15.4;
				MTL_ENABLE_DEBUG_INFO = INCLUDE_SOURCE;
				MTL_FAST_MATH = YES;
				ONLY_ACTIVE_ARCH = YES;
				SDKROOT = iphoneos;
				SWIFT_ACTIVE_COMPILATION_CONDITIONS = DEBUG;
				SWIFT_OPTIMIZATION_LEVEL = "-Onone";
			};
			name = Debug;
		};
		DE62E38927FE050900CE7B4B /* Release */ = {
			isa = XCBuildConfiguration;
			buildSettings = {
				ALWAYS_SEARCH_USER_PATHS = NO;
				CLANG_ANALYZER_NONNULL = YES;
				CLANG_ANALYZER_NUMBER_OBJECT_CONVERSION = YES_AGGRESSIVE;
				CLANG_CXX_LANGUAGE_STANDARD = "gnu++17";
				CLANG_ENABLE_MODULES = YES;
				CLANG_ENABLE_OBJC_ARC = YES;
				CLANG_ENABLE_OBJC_WEAK = YES;
				CLANG_WARN_BLOCK_CAPTURE_AUTORELEASING = YES;
				CLANG_WARN_BOOL_CONVERSION = YES;
				CLANG_WARN_COMMA = YES;
				CLANG_WARN_CONSTANT_CONVERSION = YES;
				CLANG_WARN_DEPRECATED_OBJC_IMPLEMENTATIONS = YES;
				CLANG_WARN_DIRECT_OBJC_ISA_USAGE = YES_ERROR;
				CLANG_WARN_DOCUMENTATION_COMMENTS = YES;
				CLANG_WARN_EMPTY_BODY = YES;
				CLANG_WARN_ENUM_CONVERSION = YES;
				CLANG_WARN_INFINITE_RECURSION = YES;
				CLANG_WARN_INT_CONVERSION = YES;
				CLANG_WARN_NON_LITERAL_NULL_CONVERSION = YES;
				CLANG_WARN_OBJC_IMPLICIT_RETAIN_SELF = YES;
				CLANG_WARN_OBJC_LITERAL_CONVERSION = YES;
				CLANG_WARN_OBJC_ROOT_CLASS = YES_ERROR;
				CLANG_WARN_QUOTED_INCLUDE_IN_FRAMEWORK_HEADER = YES;
				CLANG_WARN_RANGE_LOOP_ANALYSIS = YES;
				CLANG_WARN_STRICT_PROTOTYPES = YES;
				CLANG_WARN_SUSPICIOUS_MOVE = YES;
				CLANG_WARN_UNGUARDED_AVAILABILITY = YES_AGGRESSIVE;
				CLANG_WARN_UNREACHABLE_CODE = YES;
				CLANG_WARN__DUPLICATE_METHOD_MATCH = YES;
				COPY_PHASE_STRIP = NO;
				DEBUG_INFORMATION_FORMAT = "dwarf-with-dsym";
				ENABLE_NS_ASSERTIONS = NO;
				ENABLE_STRICT_OBJC_MSGSEND = YES;
				GCC_C_LANGUAGE_STANDARD = gnu11;
				GCC_NO_COMMON_BLOCKS = YES;
				GCC_WARN_64_TO_32_BIT_CONVERSION = YES;
				GCC_WARN_ABOUT_RETURN_TYPE = YES_ERROR;
				GCC_WARN_UNDECLARED_SELECTOR = YES;
				GCC_WARN_UNINITIALIZED_AUTOS = YES_AGGRESSIVE;
				GCC_WARN_UNUSED_FUNCTION = YES;
				GCC_WARN_UNUSED_VARIABLE = YES;
				IPHONEOS_DEPLOYMENT_TARGET = 15.4;
				MTL_ENABLE_DEBUG_INFO = NO;
				MTL_FAST_MATH = YES;
				SDKROOT = iphoneos;
				SWIFT_COMPILATION_MODE = wholemodule;
				SWIFT_OPTIMIZATION_LEVEL = "-O";
				VALIDATE_PRODUCT = YES;
			};
			name = Release;
		};
		DE62E38B27FE050900CE7B4B /* Debug */ = {
			isa = XCBuildConfiguration;
			buildSettings = {
				ASSETCATALOG_COMPILER_APPICON_NAME = AppIcon;
				ASSETCATALOG_COMPILER_GLOBAL_ACCENT_COLOR_NAME = AccentColor;
				CODE_SIGN_STYLE = Automatic;
				CURRENT_PROJECT_VERSION = 1;
				DEVELOPMENT_TEAM = ZZ6D38T636;
				GENERATE_INFOPLIST_FILE = YES;
				INFOPLIST_FILE = finalProject/Info.plist;
				INFOPLIST_KEY_UIApplicationSupportsIndirectInputEvents = YES;
				INFOPLIST_KEY_UILaunchStoryboardName = LaunchScreen;
				INFOPLIST_KEY_UIMainStoryboardFile = Main;
				INFOPLIST_KEY_UISupportedInterfaceOrientations_iPad = "UIInterfaceOrientationPortrait UIInterfaceOrientationPortraitUpsideDown UIInterfaceOrientationLandscapeLeft UIInterfaceOrientationLandscapeRight";
				INFOPLIST_KEY_UISupportedInterfaceOrientations_iPhone = "UIInterfaceOrientationPortrait UIInterfaceOrientationLandscapeLeft UIInterfaceOrientationLandscapeRight";
				LD_RUNPATH_SEARCH_PATHS = (
					"$(inherited)",
					"@executable_path/Frameworks",
				);
				MARKETING_VERSION = 1.0;
				PRODUCT_BUNDLE_IDENTIFIER = standi.finalProject;
				PRODUCT_NAME = "$(TARGET_NAME)";
				SWIFT_EMIT_LOC_STRINGS = YES;
				SWIFT_VERSION = 5.0;
				TARGETED_DEVICE_FAMILY = "1,2";
			};
			name = Debug;
		};
		DE62E38C27FE050900CE7B4B /* Release */ = {
			isa = XCBuildConfiguration;
			buildSettings = {
				ASSETCATALOG_COMPILER_APPICON_NAME = AppIcon;
				ASSETCATALOG_COMPILER_GLOBAL_ACCENT_COLOR_NAME = AccentColor;
				CODE_SIGN_STYLE = Automatic;
				CURRENT_PROJECT_VERSION = 1;
				DEVELOPMENT_TEAM = ZZ6D38T636;
				GENERATE_INFOPLIST_FILE = YES;
				INFOPLIST_FILE = finalProject/Info.plist;
				INFOPLIST_KEY_UIApplicationSupportsIndirectInputEvents = YES;
				INFOPLIST_KEY_UILaunchStoryboardName = LaunchScreen;
				INFOPLIST_KEY_UIMainStoryboardFile = Main;
				INFOPLIST_KEY_UISupportedInterfaceOrientations_iPad = "UIInterfaceOrientationPortrait UIInterfaceOrientationPortraitUpsideDown UIInterfaceOrientationLandscapeLeft UIInterfaceOrientationLandscapeRight";
				INFOPLIST_KEY_UISupportedInterfaceOrientations_iPhone = "UIInterfaceOrientationPortrait UIInterfaceOrientationLandscapeLeft UIInterfaceOrientationLandscapeRight";
				LD_RUNPATH_SEARCH_PATHS = (
					"$(inherited)",
					"@executable_path/Frameworks",
				);
				MARKETING_VERSION = 1.0;
				PRODUCT_BUNDLE_IDENTIFIER = standi.finalProject;
				PRODUCT_NAME = "$(TARGET_NAME)";
				SWIFT_EMIT_LOC_STRINGS = YES;
				SWIFT_VERSION = 5.0;
				TARGETED_DEVICE_FAMILY = "1,2";
			};
			name = Release;
		};
/* End XCBuildConfiguration section */

/* Begin XCConfigurationList section */
		DE62E37127FE050800CE7B4B /* Build configuration list for PBXProject "finalProject" */ = {
			isa = XCConfigurationList;
			buildConfigurations = (
				DE62E38827FE050900CE7B4B /* Debug */,
				DE62E38927FE050900CE7B4B /* Release */,
			);
			defaultConfigurationIsVisible = 0;
			defaultConfigurationName = Release;
		};
		DE62E38A27FE050900CE7B4B /* Build configuration list for PBXNativeTarget "finalProject" */ = {
			isa = XCConfigurationList;
			buildConfigurations = (
				DE62E38B27FE050900CE7B4B /* Debug */,
				DE62E38C27FE050900CE7B4B /* Release */,
			);
			defaultConfigurationIsVisible = 0;
			defaultConfigurationName = Release;
		};
/* End XCConfigurationList section */
	};
	rootObject = DE62E36E27FE050800CE7B4B /* Project object */;
}
